<?xml version="1.0" encoding="utf-8"?>
<Project ToolsVersion="4.0" xmlns="http://schemas.microsoft.com/developer/msbuild/2003">
  <ItemGroup>
    <Filter Include="源文件">
      <UniqueIdentifier>{4FC737F1-C7A5-4376-A066-2A32D752A2FF}</UniqueIdentifier>
      <Extensions>cpp;c;cc;cxx;def;odl;idl;hpj;bat;asm;asmx</Extensions>
    </Filter>
    <Filter Include="头文件">
      <UniqueIdentifier>{93995380-89BD-4b04-88EB-625FBE52EBFB}</UniqueIdentifier>
      <Extensions>h;hh;hpp;hxx;hm;inl;inc;ipp;xsd</Extensions>
    </Filter>
    <Filter Include="资源文件">
      <UniqueIdentifier>{67DA6AB6-F800-4c08-8B7A-83BB121AAD01}</UniqueIdentifier>
      <Extensions>rc;ico;cur;bmp;dlg;rc2;rct;bin;rgs;gif;jpg;jpeg;jpe;resx;tiff;tif;png;wav;mfcribbon-ms</Extensions>
    </Filter>
  </ItemGroup>
  <ItemGroup>
    <ClInclude Include="stdafx.h">
      <Filter>头文件</Filter>
    </ClInclude>
    <ClInclude Include="targetver.h">
      <Filter>头文件</Filter>
    </ClInclude>
    <ClInclude Include="..\ATMO\Analyse.h">
      <Filter>头文件</Filter>
    </ClInclude>
    <ClInclude Include="..\ATMO\Capteur.h">
      <Filter>头文件</Filter>
    </ClInclude>
    <ClInclude Include="..\ATMO\CoordonneesGPS.h">
      <Filter>头文件</Filter>
    </ClInclude>
    <ClInclude Include="..\ATMO\Date.h">
      <Filter>头文件</Filter>
    </ClInclude>
    <ClInclude Include="..\ATMO\Menu.h">
      <Filter>头文件</Filter>
    </ClInclude>
    <ClInclude Include="..\ATMO\Mesure.h">
      <Filter>头文件</Filter>
    </ClInclude>
    <ClInclude Include="..\ATMO\Parseur.h">
      <Filter>头文件</Filter>
    </ClInclude>
    <ClInclude Include="..\ATMO\TraitementDonnees.h">
      <Filter>头文件</Filter>
    </ClInclude>
    <ClInclude Include="..\ATMO\TypeMesure.h">
      <Filter>头文件</Filter>
    </ClInclude>
    <ClInclude Include="..\ATMO\Zone.h">
      <Filter>头文件</Filter>
    </ClInclude>
  </ItemGroup>
  <ItemGroup>
    <ClCompile Include="stdafx.cpp">
      <Filter>源文件</Filter>
    </ClCompile>
    <ClCompile Include="unittest1.cpp">
      <Filter>源文件</Filter>
    </ClCompile>
    <ClCompile Include="unittest2.cpp">
      <Filter>源文件</Filter>
    </ClCompile>
    <ClCompile Include="..\ATMO\Analyse.cpp">
      <Filter>源文件</Filter>
    </ClCompile>
    <ClCompile Include="..\ATMO\Capteur.cpp">
      <Filter>源文件</Filter>
    </ClCompile>
    <ClCompile Include="..\ATMO\CoordonneesGPS.cpp">
      <Filter>源文件</Filter>
    </ClCompile>
    <ClCompile Include="..\ATMO\Date.cpp">
      <Filter>源文件</Filter>
    </ClCompile>
    <ClCompile Include="..\ATMO\Main.cpp">
      <Filter>源文件</Filter>
    </ClCompile>
    <ClCompile Include="..\ATMO\Menu.cpp">
      <Filter>源文件</Filter>
    </ClCompile>
    <ClCompile Include="..\ATMO\Mesure.cpp">
      <Filter>源文件</Filter>
    </ClCompile>
    <ClCompile Include="..\ATMO\Parseur.cpp">
      <Filter>源文件</Filter>
    </ClCompile>
    <ClCompile Include="..\ATMO\TraitementDonnees.cpp">
      <Filter>源文件</Filter>
    </ClCompile>
    <ClCompile Include="..\ATMO\TypeMesure.cpp">
      <Filter>源文件</Filter>
    </ClCompile>
    <ClCompile Include="..\ATMO\Zone.cpp">
      <Filter>源文件</Filter>
    </ClCompile>
  </ItemGroup>
  <ItemGroup>
    <None Include="..\ATMO\DonneesCSV\AttributeType.csv">
      <Filter>资源文件</Filter>
    </None>
    <None Include="..\ATMO\DonneesCSV\MesuresSample.csv">
      <Filter>资源文件</Filter>
    </None>
    <None Include="..\ATMO\DonneesCSV\Sensors.csv">
      <Filter>资源文件</Filter>
    </None>
  </ItemGroup>
</Project>